
Microsoft Visual Studio Solution File, Format Version 12.00
Project("{FAE04EC0-301F-11D3-BF4B-00C04F79EFBC}") = "StudentApi", "StudentApi\StudentApi.csproj", "{EE277AF2-BF05-442E-B572-6F85F37E1339}"
EndProject
Global
	GlobalSection(SolutionConfigurationPlatforms) = preSolution
		Debug|Any CPU = Debug|Any CPU
		Release|Any CPU = Release|Any CPU
	EndGlobalSection
	GlobalSection(ProjectConfigurationPlatforms) = postSolution
		{EE277AF2-BF05-442E-B572-6F85F37E1339}.Debug|Any CPU.ActiveCfg = Debug|Any CPU
		{EE277AF2-BF05-442E-B572-6F85F37E1339}.Debug|Any CPU.Build.0 = Debug|Any CPU
		{EE277AF2-BF05-442E-B572-6F85F37E1339}.Release|Any CPU.ActiveCfg = Release|Any CPU
		{EE277AF2-BF05-442E-B572-6F85F37E1339}.Release|Any CPU.Build.0 = Release|Any CPU
	EndGlobalSection
EndGlobal
